// !$*UTF8*$!
{
	archiveVersion = 1;
	classes = {
	};
	objectVersion = 50;
	objects = {

/* Begin PBXBuildFile section */
		E820422D26EC0CCC00332F74 /* AppDelegate.swift in Sources */ = {isa = PBXBuildFile; fileRef = E820422C26EC0CCC00332F74 /* AppDelegate.swift */; };
		E820422F26EC0CCC00332F74 /* SceneDelegate.swift in Sources */ = {isa = PBXBuildFile; fileRef = E820422E26EC0CCC00332F74 /* SceneDelegate.swift */; };
		E820423126EC0CCC00332F74 /* ViewController.swift in Sources */ = {isa = PBXBuildFile; fileRef = E820423026EC0CCC00332F74 /* ViewController.swift */; };
		E820423426EC0CCC00332F74 /* Main.storyboard in Resources */ = {isa = PBXBuildFile; fileRef = E820423226EC0CCC00332F74 /* Main.storyboard */; };
		E820423626EC0CD500332F74 /* Assets.xcassets in Resources */ = {isa = PBXBuildFile; fileRef = E820423526EC0CD500332F74 /* Assets.xcassets */; };
		E820423926EC0CD500332F74 /* LaunchScreen.storyboard in Resources */ = {isa = PBXBuildFile; fileRef = E820423726EC0CD500332F74 /* LaunchScreen.storyboard */; };
		E841B7B226ECC18A00733718 /* Person.swift in Sources */ = {isa = PBXBuildFile; fileRef = E841B7B126ECC18A00733718 /* Person.swift */; };
		E866559D26ED4DDF00AD8CDB /* TableCell.swift in Sources */ = {isa = PBXBuildFile; fileRef = E866559C26ED4DDF00AD8CDB /* TableCell.swift */; };
/* End PBXBuildFile section */

/* Begin PBXFileReference section */
		E820422926EC0CCC00332F74 /* ContactApp.app */ = {isa = PBXFileReference; explicitFileType = wrapper.application; includeInIndex = 0; path = ContactApp.app; sourceTree = BUILT_PRODUCTS_DIR; };
		E820422C26EC0CCC00332F74 /* AppDelegate.swift */ = {isa = PBXFileReference; lastKnownFileType = sourcecode.swift; path = AppDelegate.swift; sourceTree = "<group>"; };
		E820422E26EC0CCC00332F74 /* SceneDelegate.swift */ = {isa = PBXFileReference; lastKnownFileType = sourcecode.swift; path = SceneDelegate.swift; sourceTree = "<group>"; };
		E820423026EC0CCC00332F74 /* ViewController.swift */ = {isa = PBXFileReference; lastKnownFileType = sourcecode.swift; path = ViewController.swift; sourceTree = "<group>"; };
		E820423326EC0CCC00332F74 /* Base */ = {isa = PBXFileReference; lastKnownFileType = file.storyboard; name = Base; path = Base.lproj/Main.storyboard; sourceTree = "<group>"; };
		E820423526EC0CD500332F74 /* Assets.xcassets */ = {isa = PBXFileReference; lastKnownFileType = folder.assetcatalog; path = Assets.xcassets; sourceTree = "<group>"; };
		E820423826EC0CD500332F74 /* Base */ = {isa = PBXFileReference; lastKnownFileType = file.storyboard; name = Base; path = Base.lproj/LaunchScreen.storyboard; sourceTree = "<group>"; };
		E820423A26EC0CD500332F74 /* Info.plist */ = {isa = PBXFileReference; lastKnownFileType = text.plist.xml; path = Info.plist; sourceTree = "<group>"; };
		E841B7B126ECC18A00733718 /* Person.swift */ = {isa = PBXFileReference; lastKnownFileType = sourcecode.swift; path = Person.swift; sourceTree = "<group>"; };
		E866559C26ED4DDF00AD8CDB /* TableCell.swift */ = {isa = PBXFileReference; lastKnownFileType = sourcecode.swift; path = TableCell.swift; sourceTree = "<group>"; };
/* End PBXFileReference section */

/* Begin PBXFrameworksBuildPhase section */
		E820422626EC0CCC00332F74 /* Frameworks */ = {
			isa = PBXFrameworksBuildPhase;
			buildActionMask = 2147483647;
			files = (
			);
			runOnlyForDeploymentPostprocessing = 0;
		};
/* End PBXFrameworksBuildPhase section */

/* Begin PBXGroup section */
		E820422026EC0CCC00332F74 = {
			isa = PBXGroup;
			children = (
				E820422B26EC0CCC00332F74 /* ContactApp */,
				E820422A26EC0CCC00332F74 /* Products */,
			);
			sourceTree = "<group>";
		};
		E820422A26EC0CCC00332F74 /* Products */ = {
			isa = PBXGroup;
			children = (
				E820422926EC0CCC00332F74 /* ContactApp.app */,
			);
			name = Products;
			sourceTree = "<group>";
		};
		E820422B26EC0CCC00332F74 /* ContactApp */ = {
			isa = PBXGroup;
			children = (
				E866559B26ED4DCF00AD8CDB /* Cell */,
				E841B7B526ECC21400733718 /* Model */,
				E87B225C26EE080700862344 /* ViewController */,
				E820422C26EC0CCC00332F74 /* AppDelegate.swift */,
				E820422E26EC0CCC00332F74 /* SceneDelegate.swift */,
				E820423226EC0CCC00332F74 /* Main.storyboard */,
				E820423526EC0CD500332F74 /* Assets.xcassets */,
				E820423726EC0CD500332F74 /* LaunchScreen.storyboard */,
				E820423A26EC0CD500332F74 /* Info.plist */,
			);
			path = ContactApp;
			sourceTree = "<group>";
		};
		E841B7B526ECC21400733718 /* Model */ = {
			isa = PBXGroup;
			children = (
				E841B7B126ECC18A00733718 /* Person.swift */,
			);
			path = Model;
			sourceTree = "<group>";
		};
		E866559B26ED4DCF00AD8CDB /* Cell */ = {
			isa = PBXGroup;
			children = (
				E866559C26ED4DDF00AD8CDB /* TableCell.swift */,
			);
			path = Cell;
			sourceTree = "<group>";
		};
		E87B225C26EE080700862344 /* ViewController */ = {
			isa = PBXGroup;
			children = (
				E820423026EC0CCC00332F74 /* ViewController.swift */,
			);
			path = ViewController;
			sourceTree = "<group>";
		};
/* End PBXGroup section */

/* Begin PBXNativeTarget section */
		E820422826EC0CCC00332F74 /* ContactApp */ = {
			isa = PBXNativeTarget;
			buildConfigurationList = E820423D26EC0CD500332F74 /* Build configuration list for PBXNativeTarget "ContactApp" */;
			buildPhases = (
				E820422526EC0CCC00332F74 /* Sources */,
				E820422626EC0CCC00332F74 /* Frameworks */,
				E820422726EC0CCC00332F74 /* Resources */,
			);
			buildRules = (
			);
			dependencies = (
			);
			name = ContactApp;
			productName = ContactApp;
			productReference = E820422926EC0CCC00332F74 /* ContactApp.app */;
			productType = "com.apple.product-type.application";
		};
/* End PBXNativeTarget section */

/* Begin PBXProject section */
		E820422126EC0CCC00332F74 /* Project object */ = {
			isa = PBXProject;
			attributes = {
				LastSwiftUpdateCheck = 1240;
				LastUpgradeCheck = 1240;
				TargetAttributes = {
					E820422826EC0CCC00332F74 = {
						CreatedOnToolsVersion = 12.4;
					};
				};
			};
			buildConfigurationList = E820422426EC0CCC00332F74 /* Build configuration list for PBXProject "ContactApp" */;
			compatibilityVersion = "Xcode 9.3";
			developmentRegion = en;
			hasScannedForEncodings = 0;
			knownRegions = (
				en,
				Base,
			);
			mainGroup = E820422026EC0CCC00332F74;
			productRefGroup = E820422A26EC0CCC00332F74 /* Products */;
			projectDirPath = "";
			projectRoot = "";
			targets = (
				E820422826EC0CCC00332F74 /* ContactApp */,
			);
		};
/* End PBXProject section */

/* Begin PBXResourcesBuildPhase section */
		E820422726EC0CCC00332F74 /* Resources */ = {
			isa = PBXResourcesBuildPhase;
			buildActionMask = 2147483647;
			files = (
				E820423926EC0CD500332F74 /* LaunchScreen.storyboard in Resources */,
				E820423626EC0CD500332F74 /* Assets.xcassets in Resources */,
				E820423426EC0CCC00332F74 /* Main.storyboard in Resources */,
			);
			runOnlyForDeploymentPostprocessing = 0;
		};
/* End PBXResourcesBuildPhase section */

/* Begin PBXSourcesBuildPhase section */
		E820422526EC0CCC00332F74 /* Sources */ = {
			isa = PBXSourcesBuildPhase;
			buildActionMask = 2147483647;
			files = (
				E866559D26ED4DDF00AD8CDB /* TableCell.swift in Sources */,
				E820423126EC0CCC00332F74 /* ViewController.swift in Sources */,
				E820422D26EC0CCC00332F74 /* AppDelegate.swift in Sources */,
				E841B7B226ECC18A00733718 /* Person.swift in Sources */,
				E820422F26EC0CCC00332F74 /* SceneDelegate.swift in Sources */,
			);
			runOnlyForDeploymentPostprocessing = 0;
		};
/* End PBXSourcesBuildPhase section */

/* Begin PBXVariantGroup section */
		E820423226EC0CCC00332F74 /* Main.storyboard */ = {
			isa = PBXVariantGroup;
			children = (
				E820423326EC0CCC00332F74 /* Base */,
			);
			name = Main.storyboard;
			sourceTree = "<group>";
		};
		E820423726EC0CD500332F74 /* LaunchScreen.storyboard */ = {
			isa = PBXVariantGroup;
			children = (
				E820423826EC0CD500332F74 /* Base */,
			);
			name = LaunchScreen.storyboard;
			sourceTree = "<group>";
		};
/* End PBXVariantGroup section */

/* Begin XCBuildConfiguration section */
		E820423B26EC0CD500332F74 /* Debug */ = {
			isa = XCBuildConfiguration;
			buildSettings = {
				ALWAYS_SEARCH_USER_PATHS = NO;
				CLANG_ANALYZER_NONNULL = YES;
				CLANG_ANALYZER_NUMBER_OBJECT_CONVERSION = YES_AGGRESSIVE;
				CLANG_CXX_LANGUAGE_STANDARD = "gnu++14";
				CLANG_CXX_LIBRARY = "libc++";
				CLANG_ENABLE_MODULES = YES;
				CLANG_ENABLE_OBJC_ARC = YES;
				CLANG_ENABLE_OBJC_WEAK = YES;
				CLANG_WARN_BLOCK_CAPTURE_AUTORELEASING = YES;
				CLANG_WARN_BOOL_CONVERSION = YES;
				CLANG_WARN_COMMA = YES;
				CLANG_WARN_CONSTANT_CONVERSION = YES;
				CLANG_WARN_DEPRECATED_OBJC_IMPLEMENTATIONS = YES;
				CLANG_WARN_DIRECT_OBJC_ISA_USAGE = YES_ERROR;
				CLANG_WARN_DOCUMENTATION_COMMENTS = YES;
				CLANG_WARN_EMPTY_BODY = YES;
				CLANG_WARN_ENUM_CONVERSION = YES;
				CLANG_WARN_INFINITE_RECURSION = YES;
				CLANG_WARN_INT_CONVERSION = YES;
				CLANG_WARN_NON_LITERAL_NULL_CONVERSION = YES;
				CLANG_WARN_OBJC_IMPLICIT_RETAIN_SELF = YES;
				CLANG_WARN_OBJC_LITERAL_CONVERSION = YES;
				CLANG_WARN_OBJC_ROOT_CLASS = YES_ERROR;
				CLANG_WARN_QUOTED_INCLUDE_IN_FRAMEWORK_HEADER = YES;
				CLANG_WARN_RANGE_LOOP_ANALYSIS = YES;
				CLANG_WARN_STRICT_PROTOTYPES = YES;
				CLANG_WARN_SUSPICIOUS_MOVE = YES;
				CLANG_WARN_UNGUARDED_AVAILABILITY = YES_AGGRESSIVE;
				CLANG_WARN_UNREACHABLE_CODE = YES;
				CLANG_WARN__DUPLICATE_METHOD_MATCH = YES;
				COPY_PHASE_STRIP = NO;
				DEBUG_INFORMATION_FORMAT = dwarf;
				ENABLE_STRICT_OBJC_MSGSEND = YES;
				ENABLE_TESTABILITY = YES;
				GCC_C_LANGUAGE_STANDARD = gnu11;
				GCC_DYNAMIC_NO_PIC = NO;
				GCC_NO_COMMON_BLOCKS = YES;
				GCC_OPTIMIZATION_LEVEL = 0;
				GCC_PREPROCESSOR_DEFINITIONS = (
					"DEBUG=1",
					"$(inherited)",
				);
				GCC_WARN_64_TO_32_BIT_CONVERSION = YES;
				GCC_WARN_ABOUT_RETURN_TYPE = YES_ERROR;
				GCC_WARN_UNDECLARED_SELECTOR = YES;
				GCC_WARN_UNINITIALIZED_AUTOS = YES_AGGRESSIVE;
				GCC_WARN_UNUSED_FUNCTION = YES;
				GCC_WARN_UNUSED_VARIABLE = YES;
				IPHONEOS_DEPLOYMENT_TARGET = 14.4;
				MTL_ENABLE_DEBUG_INFO = INCLUDE_SOURCE;
				MTL_FAST_MATH = YES;
				ONLY_ACTIVE_ARCH = YES;
				SDKROOT = iphoneos;
				SWIFT_ACTIVE_COMPILATION_CONDITIONS = DEBUG;
				SWIFT_OPTIMIZATION_LEVEL = "-Onone";
			};
			name = Debug;
		};
		E820423C26EC0CD500332F74 /* Release */ = {
			isa = XCBuildConfiguration;
			buildSettings = {
				ALWAYS_SEARCH_USER_PATHS = NO;
				CLANG_ANALYZER_NONNULL = YES;
				CLANG_ANALYZER_NUMBER_OBJECT_CONVERSION = YES_AGGRESSIVE;
				CLANG_CXX_LANGUAGE_STANDARD = "gnu++14";
				CLANG_CXX_LIBRARY = "libc++";
				CLANG_ENABLE_MODULES = YES;
				CLANG_ENABLE_OBJC_ARC = YES;
				CLANG_ENABLE_OBJC_WEAK = YES;
				CLANG_WARN_BLOCK_CAPTURE_AUTORELEASING = YES;
				CLANG_WARN_BOOL_CONVERSION = YES;
				CLANG_WARN_COMMA = YES;
				CLANG_WARN_CONSTANT_CONVERSION = YES;
				CLANG_WARN_DEPRECATED_OBJC_IMPLEMENTATIONS = YES;
				CLANG_WARN_DIRECT_OBJC_ISA_USAGE = YES_ERROR;
				CLANG_WARN_DOCUMENTATION_COMMENTS = YES;
				CLANG_WARN_EMPTY_BODY = YES;
				CLANG_WARN_ENUM_CONVERSION = YES;
				CLANG_WARN_INFINITE_RECURSION = YES;
				CLANG_WARN_INT_CONVERSION = YES;
				CLANG_WARN_NON_LITERAL_NULL_CONVERSION = YES;
				CLANG_WARN_OBJC_IMPLICIT_RETAIN_SELF = YES;
				CLANG_WARN_OBJC_LITERAL_CONVERSION = YES;
				CLANG_WARN_OBJC_ROOT_CLASS = YES_ERROR;
				CLANG_WARN_QUOTED_INCLUDE_IN_FRAMEWORK_HEADER = YES;
				CLANG_WARN_RANGE_LOOP_ANALYSIS = YES;
				CLANG_WARN_STRICT_PROTOTYPES = YES;
				CLANG_WARN_SUSPICIOUS_MOVE = YES;
				CLANG_WARN_UNGUARDED_AVAILABILITY = YES_AGGRESSIVE;
				CLANG_WARN_UNREACHABLE_CODE = YES;
				CLANG_WARN__DUPLICATE_METHOD_MATCH = YES;
				COPY_PHASE_STRIP = NO;
				DEBUG_INFORMATION_FORMAT = "dwarf-with-dsym";
				ENABLE_NS_ASSERTIONS = NO;
				ENABLE_STRICT_OBJC_MSGSEND = YES;
				GCC_C_LANGUAGE_STANDARD = gnu11;
				GCC_NO_COMMON_BLOCKS = YES;
				GCC_WARN_64_TO_32_BIT_CONVERSION = YES;
				GCC_WARN_ABOUT_RETURN_TYPE = YES_ERROR;
				GCC_WARN_UNDECLARED_SELECTOR = YES;
				GCC_WARN_UNINITIALIZED_AUTOS = YES_AGGRESSIVE;
				GCC_WARN_UNUSED_FUNCTION = YES;
				GCC_WARN_UNUSED_VARIABLE = YES;
				IPHONEOS_DEPLOYMENT_TARGET = 14.4;
				MTL_ENABLE_DEBUG_INFO = NO;
				MTL_FAST_MATH = YES;
				SDKROOT = iphoneos;
				SWIFT_COMPILATION_MODE = wholemodule;
				SWIFT_OPTIMIZATION_LEVEL = "-O";
				VALIDATE_PRODUCT = YES;
			};
			name = Release;
		};
		E820423E26EC0CD500332F74 /* Debug */ = {
			isa = XCBuildConfiguration;
			buildSettings = {
				ASSETCATALOG_COMPILER_APPICON_NAME = AppIcon;
				ASSETCATALOG_COMPILER_GLOBAL_ACCENT_COLOR_NAME = AccentColor;
				CODE_SIGN_STYLE = Automatic;
				DEVELOPMENT_TEAM = 29JK24NZ4B;
				INFOPLIST_FILE = ContactApp/Info.plist;
				IPHONEOS_DEPLOYMENT_TARGET = 13.0;
				LD_RUNPATH_SEARCH_PATHS = (
					"$(inherited)",
					"@executable_path/Frameworks",
				);
				PRODUCT_BUNDLE_IDENTIFIER = com.MineRala.ContactApp;
				PRODUCT_NAME = "$(TARGET_NAME)";
				SWIFT_VERSION = 5.0;
				TARGETED_DEVICE_FAMILY = 1;
			};
			name = Debug;
		};
		E820423F26EC0CD500332F74 /* Release */ = {
			isa = XCBuildConfiguration;
			buildSettings = {
				ASSETCATALOG_COMPILER_APPICON_NAME = AppIcon;
				ASSETCATALOG_COMPILER_GLOBAL_ACCENT_COLOR_NAME = AccentColor;
				CODE_SIGN_STYLE = Automatic;
				DEVELOPMENT_TEAM = 29JK24NZ4B;
				INFOPLIST_FILE = ContactApp/Info.plist;
				IPHONEOS_DEPLOYMENT_TARGET = 13.0;
				LD_RUNPATH_SEARCH_PATHS = (
					"$(inherited)",
					"@executable_path/Frameworks",
				);
				PRODUCT_BUNDLE_IDENTIFIER = com.MineRala.ContactApp;
				PRODUCT_NAME = "$(TARGET_NAME)";
				SWIFT_VERSION = 5.0;
				TARGETED_DEVICE_FAMILY = 1;
			};
			name = Release;
		};
/* End XCBuildConfiguration section */

/* Begin XCConfigurationList section */
		E820422426EC0CCC00332F74 /* Build configuration list for PBXProject "ContactApp" */ = {
			isa = XCConfigurationList;
			buildConfigurations = (
				E820423B26EC0CD500332F74 /* Debug */,
				E820423C26EC0CD500332F74 /* Release */,
			);
			defaultConfigurationIsVisible = 0;
			defaultConfigurationName = Release;
		};
		E820423D26EC0CD500332F74 /* Build configuration list for PBXNativeTarget "ContactApp" */ = {
			isa = XCConfigurationList;
			buildConfigurations = (
				E820423E26EC0CD500332F74 /* Debug */,
				E820423F26EC0CD500332F74 /* Release */,
			);
			defaultConfigurationIsVisible = 0;
			defaultConfigurationName = Release;
		};
/* End XCConfigurationList section */
	};
	rootObject = E820422126EC0CCC00332F74 /* Project object */;
}
